
Microsoft Visual Studio Solution File, Format Version 12.00
# Visual Studio 15
VisualStudioVersion = 15.0.27130.2024
MinimumVisualStudioVersion = 10.0.40219.1
Project("{E24C65DC-7377-472B-9ABA-BC803B73C61A}") = "PlasticPatch.Web", "PlasticPatch.Web\", "{A31F2CD6-8514-4FAC-AD74-26A3DAB6AB44}"
	ProjectSection(WebsiteProperties) = preProject
		TargetFrameworkMoniker = ".NETFramework,Version%3Dv4.6.1"
		Debug.AspNetCompiler.VirtualPath = "/localhost_4833"
		Debug.AspNetCompiler.PhysicalPath = "PlasticPatch.Web\"
		Debug.AspNetCompiler.TargetPath = "PrecompiledWeb\localhost_4833\"
		Debug.AspNetCompiler.Updateable = "true"
		Debug.AspNetCompiler.ForceOverwrite = "true"
		Debug.AspNetCompiler.FixedNames = "false"
		Debug.AspNetCompiler.Debug = "True"
		Release.AspNetCompiler.VirtualPath = "/localhost_4833"
		Release.AspNetCompiler.PhysicalPath = "PlasticPatch.Web\"
		Release.AspNetCompiler.TargetPath = "PrecompiledWeb\localhost_4833\"
		Release.AspNetCompiler.Updateable = "true"
		Release.AspNetCompiler.ForceOverwrite = "true"
		Release.AspNetCompiler.FixedNames = "false"
		Release.AspNetCompiler.Debug = "False"
		VWDPort = "4833"
		SlnRelativePath = "PlasticPatch.Web\"
		DefaultWebSiteLanguage = "Visual C#"
	EndProjectSection
EndProject
Global
	GlobalSection(SolutionConfigurationPlatforms) = preSolution
		Debug|Any CPU = Debug|Any CPU
	EndGlobalSection
	GlobalSection(ProjectConfigurationPlatforms) = postSolution
		{A31F2CD6-8514-4FAC-AD74-26A3DAB6AB44}.Debug|Any CPU.ActiveCfg = Debug|Any CPU
		{A31F2CD6-8514-4FAC-AD74-26A3DAB6AB44}.Debug|Any CPU.Build.0 = Debug|Any CPU
	EndGlobalSection
	GlobalSection(SolutionProperties) = preSolution
		HideSolutionNode = FALSE
	EndGlobalSection
	GlobalSection(ExtensibilityGlobals) = postSolution
		SolutionGuid = {9ABFB819-F08A-403C-A743-56EA10A0E925}
	EndGlobalSection
EndGlobal
